
Microsoft Visual Studio Solution File, Format Version 12.00
# Visual Studio 2013
VisualStudioVersion = 12.0.31101.0
MinimumVisualStudioVersion = 10.0.40219.1
Project("{FAE04EC0-301F-11D3-BF4B-00C04F79EFBC}") = "FluentDateCompare", "FluentDateCompare\FluentDateCompare.csproj", "{74E90E2F-33EE-48E4-8172-0EBE8DE6A014}"
EndProject
Project("{FAE04EC0-301F-11D3-BF4B-00C04F79EFBC}") = "FluentDateCompare.Test", "FluentDateCompare.Test\FluentDateCompare.Test.csproj", "{B85D86DB-4BC2-4533-8E67-77AF2C97CEEB}"
EndProject
Global
	GlobalSection(SolutionConfigurationPlatforms) = preSolution
		Debug|Any CPU = Debug|Any CPU
		Release|Any CPU = Release|Any CPU
	EndGlobalSection
	GlobalSection(ProjectConfigurationPlatforms) = postSolution
		{74E90E2F-33EE-48E4-8172-0EBE8DE6A014}.Debug|Any CPU.ActiveCfg = Debug|Any CPU
		{74E90E2F-33EE-48E4-8172-0EBE8DE6A014}.Debug|Any CPU.Build.0 = Debug|Any CPU
		{74E90E2F-33EE-48E4-8172-0EBE8DE6A014}.Release|Any CPU.ActiveCfg = Release|Any CPU
		{74E90E2F-33EE-48E4-8172-0EBE8DE6A014}.Release|Any CPU.Build.0 = Release|Any CPU
		{B85D86DB-4BC2-4533-8E67-77AF2C97CEEB}.Debug|Any CPU.ActiveCfg = Debug|Any CPU
		{B85D86DB-4BC2-4533-8E67-77AF2C97CEEB}.Debug|Any CPU.Build.0 = Debug|Any CPU
		{B85D86DB-4BC2-4533-8E67-77AF2C97CEEB}.Release|Any CPU.ActiveCfg = Release|Any CPU
		{B85D86DB-4BC2-4533-8E67-77AF2C97CEEB}.Release|Any CPU.Build.0 = Release|Any CPU
	EndGlobalSection
	GlobalSection(SolutionProperties) = preSolution
		HideSolutionNode = FALSE
	EndGlobalSection
EndGlobal
